
Microsoft Visual Studio Solution File, Format Version 12.00
# Visual Studio Version 17
VisualStudioVersion = 17.0.31903.59
MinimumVisualStudioVersion = 10.0.40219.1
Project("{FAE04EC0-301F-11D3-BF4B-00C04F79EFBC}") = "Domain", "Domain\Domain.csproj", "{395ACEF9-F85D-442A-9EA2-FE65174E66D8}"
EndProject
Project("{FAE04EC0-301F-11D3-BF4B-00C04F79EFBC}") = "Application", "Application\Application.csproj", "{F9E0A273-9196-4CF2-9E33-A444D75CE826}"
EndProject
Project("{FAE04EC0-301F-11D3-BF4B-00C04F79EFBC}") = "Infrastructure", "Infrastructure\Infrastructure.csproj", "{CAA7748E-6D20-4462-869F-B5F7083ABB0D}"
EndProject
Project("{FAE04EC0-301F-11D3-BF4B-00C04F79EFBC}") = "WebApi", "WebApi\WebApi.csproj", "{9EB84C93-A94D-4BB7-B3DA-5FAB31BA8C3D}"
EndProject
Project("{FAE04EC0-301F-11D3-BF4B-00C04F79EFBC}") = "NUnitTest", "NUnitTest\NUnitTest.csproj", "{C426F4FC-4098-4E71-A650-12DFD24D4BE5}"
EndProject
Global
	GlobalSection(SolutionConfigurationPlatforms) = preSolution
		Debug|Any CPU = Debug|Any CPU
		Release|Any CPU = Release|Any CPU
	EndGlobalSection
	GlobalSection(SolutionProperties) = preSolution
		HideSolutionNode = FALSE
	EndGlobalSection
	GlobalSection(ProjectConfigurationPlatforms) = postSolution
		{395ACEF9-F85D-442A-9EA2-FE65174E66D8}.Debug|Any CPU.ActiveCfg = Debug|Any CPU
		{395ACEF9-F85D-442A-9EA2-FE65174E66D8}.Debug|Any CPU.Build.0 = Debug|Any CPU
		{395ACEF9-F85D-442A-9EA2-FE65174E66D8}.Release|Any CPU.ActiveCfg = Release|Any CPU
		{395ACEF9-F85D-442A-9EA2-FE65174E66D8}.Release|Any CPU.Build.0 = Release|Any CPU
		{F9E0A273-9196-4CF2-9E33-A444D75CE826}.Debug|Any CPU.ActiveCfg = Debug|Any CPU
		{F9E0A273-9196-4CF2-9E33-A444D75CE826}.Debug|Any CPU.Build.0 = Debug|Any CPU
		{F9E0A273-9196-4CF2-9E33-A444D75CE826}.Release|Any CPU.ActiveCfg = Release|Any CPU
		{F9E0A273-9196-4CF2-9E33-A444D75CE826}.Release|Any CPU.Build.0 = Release|Any CPU
		{CAA7748E-6D20-4462-869F-B5F7083ABB0D}.Debug|Any CPU.ActiveCfg = Debug|Any CPU
		{CAA7748E-6D20-4462-869F-B5F7083ABB0D}.Debug|Any CPU.Build.0 = Debug|Any CPU
		{CAA7748E-6D20-4462-869F-B5F7083ABB0D}.Release|Any CPU.ActiveCfg = Release|Any CPU
		{CAA7748E-6D20-4462-869F-B5F7083ABB0D}.Release|Any CPU.Build.0 = Release|Any CPU
		{9EB84C93-A94D-4BB7-B3DA-5FAB31BA8C3D}.Debug|Any CPU.ActiveCfg = Debug|Any CPU
		{9EB84C93-A94D-4BB7-B3DA-5FAB31BA8C3D}.Debug|Any CPU.Build.0 = Debug|Any CPU
		{9EB84C93-A94D-4BB7-B3DA-5FAB31BA8C3D}.Release|Any CPU.ActiveCfg = Release|Any CPU
		{9EB84C93-A94D-4BB7-B3DA-5FAB31BA8C3D}.Release|Any CPU.Build.0 = Release|Any CPU
		{C426F4FC-4098-4E71-A650-12DFD24D4BE5}.Debug|Any CPU.ActiveCfg = Debug|Any CPU
		{C426F4FC-4098-4E71-A650-12DFD24D4BE5}.Debug|Any CPU.Build.0 = Debug|Any CPU
		{C426F4FC-4098-4E71-A650-12DFD24D4BE5}.Release|Any CPU.ActiveCfg = Release|Any CPU
		{C426F4FC-4098-4E71-A650-12DFD24D4BE5}.Release|Any CPU.Build.0 = Release|Any CPU
	EndGlobalSection
EndGlobal
